
Microsoft Visual Studio Solution File, Format Version 12.00
# Visual Studio Version 17
VisualStudioVersion = 17.8.34309.116
MinimumVisualStudioVersion = 10.0.40219.1
Project("{FAE04EC0-301F-11D3-BF4B-00C04F79EFBC}") = "Glamlink1", "Glamlink1\Glamlink1.csproj", "{44A679F6-1C7E-4CCC-B250-960F705A823C}"
EndProject
Global
	GlobalSection(SolutionConfigurationPlatforms) = preSolution
		Debug|Any CPU = Debug|Any CPU
		Release|Any CPU = Release|Any CPU
	EndGlobalSection
	GlobalSection(ProjectConfigurationPlatforms) = postSolution
		{44A679F6-1C7E-4CCC-B250-960F705A823C}.Debug|Any CPU.ActiveCfg = Debug|Any CPU
		{44A679F6-1C7E-4CCC-B250-960F705A823C}.Debug|Any CPU.Build.0 = Debug|Any CPU
		{44A679F6-1C7E-4CCC-B250-960F705A823C}.Release|Any CPU.ActiveCfg = Release|Any CPU
		{44A679F6-1C7E-4CCC-B250-960F705A823C}.Release|Any CPU.Build.0 = Release|Any CPU
	EndGlobalSection
	GlobalSection(SolutionProperties) = preSolution
		HideSolutionNode = FALSE
	EndGlobalSection
	GlobalSection(ExtensibilityGlobals) = postSolution
		SolutionGuid = {DF595D82-CD29-4F50-977E-17D4AF66DE97}
	EndGlobalSection
EndGlobal
