
Microsoft Visual Studio Solution File, Format Version 12.00
# Visual Studio Version 17
VisualStudioVersion = 17.8.34309.116
MinimumVisualStudioVersion = 10.0.40219.1
Project("{FAE04EC0-301F-11D3-BF4B-00C04F79EFBC}") = "WindowsFormsApp1", "WindowsFormsApp1\WindowsFormsApp1.csproj", "{F9B2F0C7-F5B7-4349-9E67-7618435D833B}"
EndProject
Global
	GlobalSection(SolutionConfigurationPlatforms) = preSolution
		Debug|Any CPU = Debug|Any CPU
		Release|Any CPU = Release|Any CPU
	EndGlobalSection
	GlobalSection(ProjectConfigurationPlatforms) = postSolution
		{F9B2F0C7-F5B7-4349-9E67-7618435D833B}.Debug|Any CPU.ActiveCfg = Debug|Any CPU
		{F9B2F0C7-F5B7-4349-9E67-7618435D833B}.Debug|Any CPU.Build.0 = Debug|Any CPU
		{F9B2F0C7-F5B7-4349-9E67-7618435D833B}.Release|Any CPU.ActiveCfg = Release|Any CPU
		{F9B2F0C7-F5B7-4349-9E67-7618435D833B}.Release|Any CPU.Build.0 = Release|Any CPU
	EndGlobalSection
	GlobalSection(SolutionProperties) = preSolution
		HideSolutionNode = FALSE
	EndGlobalSection
	GlobalSection(ExtensibilityGlobals) = postSolution
		SolutionGuid = {A97715C4-B0C9-42F8-9719-5B707D3EB52C}
	EndGlobalSection
EndGlobal
