
Microsoft Visual Studio Solution File, Format Version 12.00
# Visual Studio Version 17
VisualStudioVersion = 17.13.35825.156
MinimumVisualStudioVersion = 10.0.40219.1
Project("{FAE04EC0-301F-11D3-BF4B-00C04F79EFBC}") = "GlamLinkForm", "GlamLinkForm.csproj", "{084163C0-A62E-4A50-B18E-EDF0D2AA3EC3}"
EndProject
Project("{FAE04EC0-301F-11D3-BF4B-00C04F79EFBC}") = "GlamLink", "..\GlamLink\GlamLink.csproj", "{970A6ABE-309A-C28C-ACEC-0A2E2276627E}"
EndProject
Global
	GlobalSection(SolutionConfigurationPlatforms) = preSolution
		Debug|Any CPU = Debug|Any CPU
		Release|Any CPU = Release|Any CPU
	EndGlobalSection
	GlobalSection(ProjectConfigurationPlatforms) = postSolution
		{084163C0-A62E-4A50-B18E-EDF0D2AA3EC3}.Debug|Any CPU.ActiveCfg = Debug|Any CPU
		{084163C0-A62E-4A50-B18E-EDF0D2AA3EC3}.Debug|Any CPU.Build.0 = Debug|Any CPU
		{084163C0-A62E-4A50-B18E-EDF0D2AA3EC3}.Release|Any CPU.ActiveCfg = Release|Any CPU
		{084163C0-A62E-4A50-B18E-EDF0D2AA3EC3}.Release|Any CPU.Build.0 = Release|Any CPU
		{970A6ABE-309A-C28C-ACEC-0A2E2276627E}.Debug|Any CPU.ActiveCfg = Debug|Any CPU
		{970A6ABE-309A-C28C-ACEC-0A2E2276627E}.Debug|Any CPU.Build.0 = Debug|Any CPU
		{970A6ABE-309A-C28C-ACEC-0A2E2276627E}.Release|Any CPU.ActiveCfg = Release|Any CPU
		{970A6ABE-309A-C28C-ACEC-0A2E2276627E}.Release|Any CPU.Build.0 = Release|Any CPU
	EndGlobalSection
	GlobalSection(SolutionProperties) = preSolution
		HideSolutionNode = FALSE
	EndGlobalSection
	GlobalSection(ExtensibilityGlobals) = postSolution
		SolutionGuid = {6EF16814-98CC-4EB3-AC73-7085089C877E}
	EndGlobalSection
EndGlobal
